
Microsoft Visual Studio Solution File, Format Version 12.00
# Visual Studio 15
VisualStudioVersion = 15.0.27703.2026
MinimumVisualStudioVersion = 10.0.40219.1
Project("{FAE04EC0-301F-11D3-BF4B-00C04F79EFBC}") = "EyeBoard", "EyeBoard\EyeBoard.csproj", "{5919F8C6-1940-4E95-8AC6-B9803EA5BDE5}"
EndProject
Project("{FAE04EC0-301F-11D3-BF4B-00C04F79EFBC}") = "EyeBoard.Logic", "EyeBoard.Logic\EyeBoard.Logic.csproj", "{260C1C4D-47D2-42F4-ADB2-91D446E5EBA1}"
EndProject
Project("{FAE04EC0-301F-11D3-BF4B-00C04F79EFBC}") = "EyeBoard.Resources", "EyeBoard.Resources\EyeBoard.Resources.csproj", "{21000104-2881-468B-B7F5-D327CEC14FD5}"
EndProject
Project("{FAE04EC0-301F-11D3-BF4B-00C04F79EFBC}") = "Profilan.SharedKernel", "Profilan.SharedKernel\Profilan.SharedKernel.csproj", "{A6E7C407-33AE-42C3-857E-F7C763758CC9}"
EndProject
Project("{FAE04EC0-301F-11D3-BF4B-00C04F79EFBC}") = "EyeBoard.Tests", "EyeBoard.Tests\EyeBoard.Tests.csproj", "{4A47D41E-BD0F-44E0-83E6-D9B2403376E5}"
EndProject
Project("{FAE04EC0-301F-11D3-BF4B-00C04F79EFBC}") = "DeEekhoorn.Logic", "DeEekhoorn.Logic\DeEekhoorn.Logic.csproj", "{1888335B-72C0-4684-8A0A-0CBDFFC36611}"
EndProject
Global
	GlobalSection(SolutionConfigurationPlatforms) = preSolution
		Debug|Any CPU = Debug|Any CPU
		Release|Any CPU = Release|Any CPU
	EndGlobalSection
	GlobalSection(ProjectConfigurationPlatforms) = postSolution
		{5919F8C6-1940-4E95-8AC6-B9803EA5BDE5}.Debug|Any CPU.ActiveCfg = Debug|Any CPU
		{5919F8C6-1940-4E95-8AC6-B9803EA5BDE5}.Debug|Any CPU.Build.0 = Debug|Any CPU
		{5919F8C6-1940-4E95-8AC6-B9803EA5BDE5}.Release|Any CPU.ActiveCfg = Release|Any CPU
		{5919F8C6-1940-4E95-8AC6-B9803EA5BDE5}.Release|Any CPU.Build.0 = Release|Any CPU
		{260C1C4D-47D2-42F4-ADB2-91D446E5EBA1}.Debug|Any CPU.ActiveCfg = Debug|Any CPU
		{260C1C4D-47D2-42F4-ADB2-91D446E5EBA1}.Debug|Any CPU.Build.0 = Debug|Any CPU
		{260C1C4D-47D2-42F4-ADB2-91D446E5EBA1}.Release|Any CPU.ActiveCfg = Release|Any CPU
		{260C1C4D-47D2-42F4-ADB2-91D446E5EBA1}.Release|Any CPU.Build.0 = Release|Any CPU
		{21000104-2881-468B-B7F5-D327CEC14FD5}.Debug|Any CPU.ActiveCfg = Debug|Any CPU
		{21000104-2881-468B-B7F5-D327CEC14FD5}.Debug|Any CPU.Build.0 = Debug|Any CPU
		{21000104-2881-468B-B7F5-D327CEC14FD5}.Release|Any CPU.ActiveCfg = Release|Any CPU
		{21000104-2881-468B-B7F5-D327CEC14FD5}.Release|Any CPU.Build.0 = Release|Any CPU
		{A6E7C407-33AE-42C3-857E-F7C763758CC9}.Debug|Any CPU.ActiveCfg = Debug|Any CPU
		{A6E7C407-33AE-42C3-857E-F7C763758CC9}.Debug|Any CPU.Build.0 = Debug|Any CPU
		{A6E7C407-33AE-42C3-857E-F7C763758CC9}.Release|Any CPU.ActiveCfg = Release|Any CPU
		{A6E7C407-33AE-42C3-857E-F7C763758CC9}.Release|Any CPU.Build.0 = Release|Any CPU
		{4A47D41E-BD0F-44E0-83E6-D9B2403376E5}.Debug|Any CPU.ActiveCfg = Debug|Any CPU
		{4A47D41E-BD0F-44E0-83E6-D9B2403376E5}.Debug|Any CPU.Build.0 = Debug|Any CPU
		{4A47D41E-BD0F-44E0-83E6-D9B2403376E5}.Release|Any CPU.ActiveCfg = Release|Any CPU
		{4A47D41E-BD0F-44E0-83E6-D9B2403376E5}.Release|Any CPU.Build.0 = Release|Any CPU
		{1888335B-72C0-4684-8A0A-0CBDFFC36611}.Debug|Any CPU.ActiveCfg = Debug|Any CPU
		{1888335B-72C0-4684-8A0A-0CBDFFC36611}.Debug|Any CPU.Build.0 = Debug|Any CPU
		{1888335B-72C0-4684-8A0A-0CBDFFC36611}.Release|Any CPU.ActiveCfg = Release|Any CPU
		{1888335B-72C0-4684-8A0A-0CBDFFC36611}.Release|Any CPU.Build.0 = Release|Any CPU
	EndGlobalSection
	GlobalSection(SolutionProperties) = preSolution
		HideSolutionNode = FALSE
	EndGlobalSection
	GlobalSection(ExtensibilityGlobals) = postSolution
		SolutionGuid = {C8C9AB7A-8625-4923-8A4C-C466F114E755}
	EndGlobalSection
EndGlobal
